# This file is automatically @generated by Cargo.
# It is not intended for manual editing.
version = 4

[[package]]
name = "cerynth-common"
version = "0.1.0"

[[package]]
name = "cerynth-config"
version = "0.1.0"

[[package]]
name = "cerynth-ipc"
version = "0.1.0"

[[package]]
name = "cerynth-policy"
version = "0.1.0"

[[package]]
name = "cerynth-scx"
version = "0.1.0"

[[package]]
name = "cerynth-telemetry"
version = "0.1.0"

[[package]]
name = "cerynthctl"
version = "0.1.0"
dependencies = [
 "cerynth-ipc",
]

[[package]]
name = "cerynthd"
version = "0.1.0"
dependencies = [
 "cerynth-ipc",
]
